
Microsoft Visual Studio Solution File, Format Version 12.00
# Visual Studio 15
VisualStudioVersion = 15.0.28010.2036
MinimumVisualStudioVersion = 10.0.40219.1
Project("{F184B08F-C81C-45F6-A57F-5ABD9991F28F}") = "ExecutingSQLCMDs", "ExecutingSQLCMDs\ExecutingSQLCMDs.vbproj", "{ADECBCFE-4618-476A-98B6-2052174C3796}"
EndProject
Global
	GlobalSection(SolutionConfigurationPlatforms) = preSolution
		Debug|Any CPU = Debug|Any CPU
		Release|Any CPU = Release|Any CPU
	EndGlobalSection
	GlobalSection(ProjectConfigurationPlatforms) = postSolution
		{ADECBCFE-4618-476A-98B6-2052174C3796}.Debug|Any CPU.ActiveCfg = Debug|Any CPU
		{ADECBCFE-4618-476A-98B6-2052174C3796}.Debug|Any CPU.Build.0 = Debug|Any CPU
		{ADECBCFE-4618-476A-98B6-2052174C3796}.Release|Any CPU.ActiveCfg = Release|Any CPU
		{ADECBCFE-4618-476A-98B6-2052174C3796}.Release|Any CPU.Build.0 = Release|Any CPU
	EndGlobalSection
	GlobalSection(SolutionProperties) = preSolution
		HideSolutionNode = FALSE
	EndGlobalSection
	GlobalSection(ExtensibilityGlobals) = postSolution
		SolutionGuid = {115AA812-5575-4C94-92CE-054F43168A67}
	EndGlobalSection
EndGlobal
